# THIS IS AN AUTOGENERATED FILE. DO NOT EDIT THIS FILE DIRECTLY.
# yarn lockfile v1


idb@^8.0.1:
  version "8.0.1"
  resolved "https://registry.yarnpkg.com/idb/-/idb-8.0.1.tgz#15e8be673413d6caf4beefacf086c8902d785e1e"
  integrity sha512-EkBCzUZSdhJV8PxMSbeEV//xguVKZu9hZZulM+2gHXI0t2hGVU3eYE6/XnH77DS6FM2FY8wl17aDcu9vXpvLWQ==
